GEM
  remote: https://rubygems.org/
  specs:
    csv (3.3.5)
    gpx (1.2.2)
      csv
      nokogiri (~> 1.7)
      rake
    mini_portile2 (2.8.9)
    nio4r (2.7.5)
    nokogiri (1.19.3)
      mini_portile2 (~> 2.8.2)
      racc (~> 1.4)
    nokogiri (1.19.3-x86_64-linux-gnu)
      racc (~> 1.4)
    puma (8.0.1)
      nio4r (~> 2.0)
    racc (1.8.1)
    rack (3.2.6)
    rack-unreloader (2.1.0)
    rake (13.4.2)
    roda (3.103.0)
      rack
    tilt (2.7.0)

PLATFORMS
  ruby
  x86_64-linux

DEPENDENCIES
  gpx
  puma
  rack-unreloader
  roda
  tilt

BUNDLED WITH
   2.7.2
